
Microsoft Visual Studio Solution File, Format Version 12.00
# Visual Studio Version 17
VisualStudioVersion = 17.11.35327.3
MinimumVisualStudioVersion = 10.0.40219.1
Project("{FAE04EC0-301F-11D3-BF4B-00C04F79EFBC}") = "FirstApp", "FirstApp.csproj", "{20451B3A-F29E-4B4B-BA92-F0901CFC457E}"
EndProject
Global
	GlobalSection(SolutionConfigurationPlatforms) = preSolution
		Debug|Any CPU = Debug|Any CPU
		Release|Any CPU = Release|Any CPU
	EndGlobalSection
	GlobalSection(ProjectConfigurationPlatforms) = postSolution
		{20451B3A-F29E-4B4B-BA92-F0901CFC457E}.Debug|Any CPU.ActiveCfg = Debug|Any CPU
		{20451B3A-F29E-4B4B-BA92-F0901CFC457E}.Debug|Any CPU.Build.0 = Debug|Any CPU
		{20451B3A-F29E-4B4B-BA92-F0901CFC457E}.Release|Any CPU.ActiveCfg = Release|Any CPU
		{20451B3A-F29E-4B4B-BA92-F0901CFC457E}.Release|Any CPU.Build.0 = Release|Any CPU
	EndGlobalSection
	GlobalSection(SolutionProperties) = preSolution
		HideSolutionNode = FALSE
	EndGlobalSection
	GlobalSection(ExtensibilityGlobals) = postSolution
		SolutionGuid = {85381C92-F0C2-4E35-B094-31A4CFC33737}
	EndGlobalSection
EndGlobal
